
Microsoft Visual Studio Solution File, Format Version 12.00
# Visual Studio 15
VisualStudioVersion = 15.0.27428.2027
MinimumVisualStudioVersion = 10.0.40219.1
Project("{FAE04EC0-301F-11D3-BF4B-00C04F79EFBC}") = "GolfX", "GolfX\GolfX.csproj", "{D5523132-3A65-4C99-AE0F-5BA59D197E59}"
EndProject
Global
	GlobalSection(SolutionConfigurationPlatforms) = preSolution
		Debug|Any CPU = Debug|Any CPU
		Release|Any CPU = Release|Any CPU
	EndGlobalSection
	GlobalSection(ProjectConfigurationPlatforms) = postSolution
		{D5523132-3A65-4C99-AE0F-5BA59D197E59}.Debug|Any CPU.ActiveCfg = Debug|Any CPU
		{D5523132-3A65-4C99-AE0F-5BA59D197E59}.Debug|Any CPU.Build.0 = Debug|Any CPU
		{D5523132-3A65-4C99-AE0F-5BA59D197E59}.Release|Any CPU.ActiveCfg = Release|Any CPU
		{D5523132-3A65-4C99-AE0F-5BA59D197E59}.Release|Any CPU.Build.0 = Release|Any CPU
	EndGlobalSection
	GlobalSection(SolutionProperties) = preSolution
		HideSolutionNode = FALSE
	EndGlobalSection
	GlobalSection(ExtensibilityGlobals) = postSolution
		SolutionGuid = {FAA180AF-7F28-45B9-905D-E7CB3F3FDFA6}
	EndGlobalSection
EndGlobal
